
Microsoft Visual Studio Solution File, Format Version 12.00
# Visual Studio Version 17
VisualStudioVersion = 17.13.35931.197 d17.13
MinimumVisualStudioVersion = 10.0.40219.1
Project("{FAE04EC0-301F-11D3-BF4B-00C04F79EFBC}") = "EnlineEdu.API", "EnlineEdu.API\EnlineEdu.API.csproj", "{9F9F5FEB-D746-4A98-83B3-9C9ABAE8450A}"
EndProject
Project("{FAE04EC0-301F-11D3-BF4B-00C04F79EFBC}") = "OnlineEdu.Entity", "OnlineEdu.Entity\OnlineEdu.Entity.csproj", "{CBD146E7-0F7F-43BF-9E67-694D57BAD10F}"
EndProject
Project("{FAE04EC0-301F-11D3-BF4B-00C04F79EFBC}") = "OnlineEdu.DataAccess", "OnlineEdu.DataAccess\OnlineEdu.DataAccess.csproj", "{6973504C-5008-43EF-A4FA-63D01DC188C5}"
EndProject
Project("{FAE04EC0-301F-11D3-BF4B-00C04F79EFBC}") = "OnlineEdu.Business", "OnlineEdu.Business\OnlineEdu.Business.csproj", "{EA35AC10-B24A-4737-90C0-95F9B33B7B54}"
EndProject
Project("{FAE04EC0-301F-11D3-BF4B-00C04F79EFBC}") = "OnlineEdu.DTO", "OnlineEdu.DTO\OnlineEdu.DTO.csproj", "{4B843662-CE8D-436D-A60D-CF3755C9269A}"
EndProject
Project("{FAE04EC0-301F-11D3-BF4B-00C04F79EFBC}") = "OnlineEdu.WebUI", "OnlineEdu.WebUI\OnlineEdu.WebUI.csproj", "{535DBE9F-3384-48CC-9767-5D27F1545F42}"
EndProject
Global
	GlobalSection(SolutionConfigurationPlatforms) = preSolution
		Debug|Any CPU = Debug|Any CPU
		Release|Any CPU = Release|Any CPU
	EndGlobalSection
	GlobalSection(ProjectConfigurationPlatforms) = postSolution
		{9F9F5FEB-D746-4A98-83B3-9C9ABAE8450A}.Debug|Any CPU.ActiveCfg = Debug|Any CPU
		{9F9F5FEB-D746-4A98-83B3-9C9ABAE8450A}.Debug|Any CPU.Build.0 = Debug|Any CPU
		{9F9F5FEB-D746-4A98-83B3-9C9ABAE8450A}.Release|Any CPU.ActiveCfg = Release|Any CPU
		{9F9F5FEB-D746-4A98-83B3-9C9ABAE8450A}.Release|Any CPU.Build.0 = Release|Any CPU
		{CBD146E7-0F7F-43BF-9E67-694D57BAD10F}.Debug|Any CPU.ActiveCfg = Debug|Any CPU
		{CBD146E7-0F7F-43BF-9E67-694D57BAD10F}.Debug|Any CPU.Build.0 = Debug|Any CPU
		{CBD146E7-0F7F-43BF-9E67-694D57BAD10F}.Release|Any CPU.ActiveCfg = Release|Any CPU
		{CBD146E7-0F7F-43BF-9E67-694D57BAD10F}.Release|Any CPU.Build.0 = Release|Any CPU
		{6973504C-5008-43EF-A4FA-63D01DC188C5}.Debug|Any CPU.ActiveCfg = Debug|Any CPU
		{6973504C-5008-43EF-A4FA-63D01DC188C5}.Debug|Any CPU.Build.0 = Debug|Any CPU
		{6973504C-5008-43EF-A4FA-63D01DC188C5}.Release|Any CPU.ActiveCfg = Release|Any CPU
		{6973504C-5008-43EF-A4FA-63D01DC188C5}.Release|Any CPU.Build.0 = Release|Any CPU
		{EA35AC10-B24A-4737-90C0-95F9B33B7B54}.Debug|Any CPU.ActiveCfg = Debug|Any CPU
		{EA35AC10-B24A-4737-90C0-95F9B33B7B54}.Debug|Any CPU.Build.0 = Debug|Any CPU
		{EA35AC10-B24A-4737-90C0-95F9B33B7B54}.Release|Any CPU.ActiveCfg = Release|Any CPU
		{EA35AC10-B24A-4737-90C0-95F9B33B7B54}.Release|Any CPU.Build.0 = Release|Any CPU
		{4B843662-CE8D-436D-A60D-CF3755C9269A}.Debug|Any CPU.ActiveCfg = Debug|Any CPU
		{4B843662-CE8D-436D-A60D-CF3755C9269A}.Debug|Any CPU.Build.0 = Debug|Any CPU
		{4B843662-CE8D-436D-A60D-CF3755C9269A}.Release|Any CPU.ActiveCfg = Release|Any CPU
		{4B843662-CE8D-436D-A60D-CF3755C9269A}.Release|Any CPU.Build.0 = Release|Any CPU
		{535DBE9F-3384-48CC-9767-5D27F1545F42}.Debug|Any CPU.ActiveCfg = Debug|Any CPU
		{535DBE9F-3384-48CC-9767-5D27F1545F42}.Debug|Any CPU.Build.0 = Debug|Any CPU
		{535DBE9F-3384-48CC-9767-5D27F1545F42}.Release|Any CPU.ActiveCfg = Release|Any CPU
		{535DBE9F-3384-48CC-9767-5D27F1545F42}.Release|Any CPU.Build.0 = Release|Any CPU
	EndGlobalSection
	GlobalSection(SolutionProperties) = preSolution
		HideSolutionNode = FALSE
	EndGlobalSection
	GlobalSection(ExtensibilityGlobals) = postSolution
		SolutionGuid = {70E9B1AC-DD04-4CDB-A1BE-26DD23FE6132}
	EndGlobalSection
EndGlobal
